
Microsoft Visual Studio Solution File, Format Version 12.00
# Visual Studio 15
VisualStudioVersion = 15.0.27703.2018
MinimumVisualStudioVersion = 10.0.40219.1
Project("{FAE04EC0-301F-11D3-BF4B-00C04F79EFBC}") = "ConfigurandoNHibernate.Api", "ConfigurandoNHibernate.Api\ConfigurandoNHibernate.Api.csproj", "{5F51A068-3ABF-4C70-9B70-7C0E90E67D1A}"
EndProject
Project("{FAE04EC0-301F-11D3-BF4B-00C04F79EFBC}") = "ConfigurandoNHibernate.Migration", "ConfigurandoNHibernate.Migration\ConfigurandoNHibernate.Migration.csproj", "{DC10FD13-F1FA-4268-B962-581F32AB5DCF}"
EndProject
Global
	GlobalSection(SolutionConfigurationPlatforms) = preSolution
		Debug|Any CPU = Debug|Any CPU
		Release|Any CPU = Release|Any CPU
	EndGlobalSection
	GlobalSection(ProjectConfigurationPlatforms) = postSolution
		{5F51A068-3ABF-4C70-9B70-7C0E90E67D1A}.Debug|Any CPU.ActiveCfg = Debug|Any CPU
		{5F51A068-3ABF-4C70-9B70-7C0E90E67D1A}.Debug|Any CPU.Build.0 = Debug|Any CPU
		{5F51A068-3ABF-4C70-9B70-7C0E90E67D1A}.Release|Any CPU.ActiveCfg = Release|Any CPU
		{5F51A068-3ABF-4C70-9B70-7C0E90E67D1A}.Release|Any CPU.Build.0 = Release|Any CPU
		{DC10FD13-F1FA-4268-B962-581F32AB5DCF}.Debug|Any CPU.ActiveCfg = Debug|Any CPU
		{DC10FD13-F1FA-4268-B962-581F32AB5DCF}.Debug|Any CPU.Build.0 = Debug|Any CPU
		{DC10FD13-F1FA-4268-B962-581F32AB5DCF}.Release|Any CPU.ActiveCfg = Release|Any CPU
		{DC10FD13-F1FA-4268-B962-581F32AB5DCF}.Release|Any CPU.Build.0 = Release|Any CPU
	EndGlobalSection
	GlobalSection(SolutionProperties) = preSolution
		HideSolutionNode = FALSE
	EndGlobalSection
	GlobalSection(ExtensibilityGlobals) = postSolution
		SolutionGuid = {C2F40FDB-AC87-4A22-900F-06C194CF5B60}
	EndGlobalSection
EndGlobal
